
Microsoft Visual Studio Solution File, Format Version 12.00
# Visual Studio Version 17
VisualStudioVersion = 17.12.35527.113 d17.12
MinimumVisualStudioVersion = 10.0.40219.1
Project("{FAE04EC0-301F-11D3-BF4B-00C04F79EFBC}") = "Company.Project.PL", "Company.Project.PL\Company.Project.PL.csproj", "{CC9CA064-D800-4E26-8963-FC2D316CD95A}"
EndProject
Project("{FAE04EC0-301F-11D3-BF4B-00C04F79EFBC}") = "Company.Project.DAL", "Company.Project.DAL\Company.Project.DAL.csproj", "{AFC7C18B-4189-427D-AD90-53AC325C2C87}"
EndProject
Project("{FAE04EC0-301F-11D3-BF4B-00C04F79EFBC}") = "Company.Project.BLL", "Company.Project.BLL\Company.Project.BLL.csproj", "{19679F1A-3C27-40E8-A446-0DDAC727EAF4}"
EndProject
Global
	GlobalSection(SolutionConfigurationPlatforms) = preSolution
		Debug|Any CPU = Debug|Any CPU
		Release|Any CPU = Release|Any CPU
	EndGlobalSection
	GlobalSection(ProjectConfigurationPlatforms) = postSolution
		{CC9CA064-D800-4E26-8963-FC2D316CD95A}.Debug|Any CPU.ActiveCfg = Debug|Any CPU
		{CC9CA064-D800-4E26-8963-FC2D316CD95A}.Debug|Any CPU.Build.0 = Debug|Any CPU
		{CC9CA064-D800-4E26-8963-FC2D316CD95A}.Release|Any CPU.ActiveCfg = Release|Any CPU
		{CC9CA064-D800-4E26-8963-FC2D316CD95A}.Release|Any CPU.Build.0 = Release|Any CPU
		{AFC7C18B-4189-427D-AD90-53AC325C2C87}.Debug|Any CPU.ActiveCfg = Debug|Any CPU
		{AFC7C18B-4189-427D-AD90-53AC325C2C87}.Debug|Any CPU.Build.0 = Debug|Any CPU
		{AFC7C18B-4189-427D-AD90-53AC325C2C87}.Release|Any CPU.ActiveCfg = Release|Any CPU
		{AFC7C18B-4189-427D-AD90-53AC325C2C87}.Release|Any CPU.Build.0 = Release|Any CPU
		{19679F1A-3C27-40E8-A446-0DDAC727EAF4}.Debug|Any CPU.ActiveCfg = Debug|Any CPU
		{19679F1A-3C27-40E8-A446-0DDAC727EAF4}.Debug|Any CPU.Build.0 = Debug|Any CPU
		{19679F1A-3C27-40E8-A446-0DDAC727EAF4}.Release|Any CPU.ActiveCfg = Release|Any CPU
		{19679F1A-3C27-40E8-A446-0DDAC727EAF4}.Release|Any CPU.Build.0 = Release|Any CPU
	EndGlobalSection
	GlobalSection(SolutionProperties) = preSolution
		HideSolutionNode = FALSE
	EndGlobalSection
EndGlobal
